
Microsoft Visual Studio Solution File, Format Version 12.00
# Visual Studio Version 17
VisualStudioVersion = 17.1.31911.260
MinimumVisualStudioVersion = 10.0.40219.1
Project("{FAE04EC0-301F-11D3-BF4B-00C04F79EFBC}") = "WinSnows", "WinSnows.csproj", "{DBF32B0B-9129-41E0-AD40-3F606413DBD1}"
EndProject
Global
	GlobalSection(SolutionConfigurationPlatforms) = preSolution
		Debug|Any CPU = Debug|Any CPU
		Release|Any CPU = Release|Any CPU
	EndGlobalSection
	GlobalSection(ProjectConfigurationPlatforms) = postSolution
		{DBF32B0B-9129-41E0-AD40-3F606413DBD1}.Debug|Any CPU.ActiveCfg = Debug|Any CPU
		{DBF32B0B-9129-41E0-AD40-3F606413DBD1}.Debug|Any CPU.Build.0 = Debug|Any CPU
		{DBF32B0B-9129-41E0-AD40-3F606413DBD1}.Release|Any CPU.ActiveCfg = Release|Any CPU
		{DBF32B0B-9129-41E0-AD40-3F606413DBD1}.Release|Any CPU.Build.0 = Release|Any CPU
	EndGlobalSection
	GlobalSection(SolutionProperties) = preSolution
		HideSolutionNode = FALSE
	EndGlobalSection
	GlobalSection(ExtensibilityGlobals) = postSolution
		SolutionGuid = {123496B8-1A45-4B18-B29E-A51A0D08641B}
	EndGlobalSection
EndGlobal
